
Microsoft Visual Studio Solution File, Format Version 12.00
# Visual Studio Version 16
VisualStudioVersion = 16.0.30225.117
MinimumVisualStudioVersion = 10.0.40219.1
Project("{FAE04EC0-301F-11D3-BF4B-00C04F79EFBC}") = "BubbleSortTest", "BubbleSortTest\BubbleSortTest.csproj", "{A7A78BBE-1025-4896-B35B-3512B12F7E67}"
EndProject
Global
	GlobalSection(SolutionConfigurationPlatforms) = preSolution
		Debug|Any CPU = Debug|Any CPU
		Release|Any CPU = Release|Any CPU
	EndGlobalSection
	GlobalSection(ProjectConfigurationPlatforms) = postSolution
		{A7A78BBE-1025-4896-B35B-3512B12F7E67}.Debug|Any CPU.ActiveCfg = Debug|Any CPU
		{A7A78BBE-1025-4896-B35B-3512B12F7E67}.Debug|Any CPU.Build.0 = Debug|Any CPU
		{A7A78BBE-1025-4896-B35B-3512B12F7E67}.Release|Any CPU.ActiveCfg = Release|Any CPU
		{A7A78BBE-1025-4896-B35B-3512B12F7E67}.Release|Any CPU.Build.0 = Release|Any CPU
	EndGlobalSection
	GlobalSection(SolutionProperties) = preSolution
		HideSolutionNode = FALSE
	EndGlobalSection
	GlobalSection(ExtensibilityGlobals) = postSolution
		SolutionGuid = {ABD3CA40-2C91-4628-B41B-7B629DF603EF}
	EndGlobalSection
EndGlobal
